// !$*UTF8*$!
{
	archiveVersion = 1;
	classes = {
	};
	objectVersion = 50;
	objects = {

/* Begin PBXBuildFile section */
		A0B555EF21E65C7F00F3BBAB /* AppDelegate.swift in Sources */ = {isa = PBXBuildFile; fileRef = A0B555EE21E65C7F00F3BBAB /* AppDelegate.swift */; };
		A0B555F121E65C7F00F3BBAB /* ViewController.swift in Sources */ = {isa = PBXBuildFile; fileRef = A0B555F021E65C7F00F3BBAB /* ViewController.swift */; };
		A0B555F421E65C7F00F3BBAB /* Main.storyboard in Resources */ = {isa = PBXBuildFile; fileRef = A0B555F221E65C7F00F3BBAB /* Main.storyboard */; };
		A0B555F621E65C8100F3BBAB /* Assets.xcassets in Resources */ = {isa = PBXBuildFile; fileRef = A0B555F521E65C8100F3BBAB /* Assets.xcassets */; };
		A0B555F921E65C8100F3BBAB /* LaunchScreen.storyboard in Resources */ = {isa = PBXBuildFile; fileRef = A0B555F721E65C8100F3BBAB /* LaunchScreen.storyboard */; };
		A0B5560421E65C8100F3BBAB /* persistantDatayayTests.swift in Sources */ = {isa = PBXBuildFile; fileRef = A0B5560321E65C8100F3BBAB /* persistantDatayayTests.swift */; };
		A0B5560F21E65C8100F3BBAB /* persistantDatayayUITests.swift in Sources */ = {isa = PBXBuildFile; fileRef = A0B5560E21E65C8100F3BBAB /* persistantDatayayUITests.swift */; };
		A0B5562021E65D3900F3BBAB /* Model.xcdatamodeld in Sources */ = {isa = PBXBuildFile; fileRef = A0B5561E21E65D3900F3BBAB /* Model.xcdatamodeld */; };
/* End PBXBuildFile section */

/* Begin PBXContainerItemProxy section */
		A0B5560021E65C8100F3BBAB /* PBXContainerItemProxy */ = {
			isa = PBXContainerItemProxy;
			containerPortal = A0B555E321E65C7F00F3BBAB /* Project object */;
			proxyType = 1;
			remoteGlobalIDString = A0B555EA21E65C7F00F3BBAB;
			remoteInfo = persistantDatayay;
		};
		A0B5560B21E65C8100F3BBAB /* PBXContainerItemProxy */ = {
			isa = PBXContainerItemProxy;
			containerPortal = A0B555E321E65C7F00F3BBAB /* Project object */;
			proxyType = 1;
			remoteGlobalIDString = A0B555EA21E65C7F00F3BBAB;
			remoteInfo = persistantDatayay;
		};
/* End PBXContainerItemProxy section */

/* Begin PBXFileReference section */
		A0B555EB21E65C7F00F3BBAB /* persistantDatayay.app */ = {isa = PBXFileReference; explicitFileType = wrapper.application; includeInIndex = 0; path = persistantDatayay.app; sourceTree = BUILT_PRODUCTS_DIR; };
		A0B555EE21E65C7F00F3BBAB /* AppDelegate.swift */ = {isa = PBXFileReference; lastKnownFileType = sourcecode.swift; path = AppDelegate.swift; sourceTree = "<group>"; };
		A0B555F021E65C7F00F3BBAB /* ViewController.swift */ = {isa = PBXFileReference; lastKnownFileType = sourcecode.swift; path = ViewController.swift; sourceTree = "<group>"; };
		A0B555F321E65C7F00F3BBAB /* Base */ = {isa = PBXFileReference; lastKnownFileType = file.storyboard; name = Base; path = Base.lproj/Main.storyboard; sourceTree = "<group>"; };
		A0B555F521E65C8100F3BBAB /* Assets.xcassets */ = {isa = PBXFileReference; lastKnownFileType = folder.assetcatalog; path = Assets.xcassets; sourceTree = "<group>"; };
		A0B555F821E65C8100F3BBAB /* Base */ = {isa = PBXFileReference; lastKnownFileType = file.storyboard; name = Base; path = Base.lproj/LaunchScreen.storyboard; sourceTree = "<group>"; };
		A0B555FA21E65C8100F3BBAB /* Info.plist */ = {isa = PBXFileReference; lastKnownFileType = text.plist.xml; path = Info.plist; sourceTree = "<group>"; };
		A0B555FF21E65C8100F3BBAB /* persistantDatayayTests.xctest */ = {isa = PBXFileReference; explicitFileType = wrapper.cfbundle; includeInIndex = 0; path = persistantDatayayTests.xctest; sourceTree = BUILT_PRODUCTS_DIR; };
		A0B5560321E65C8100F3BBAB /* persistantDatayayTests.swift */ = {isa = PBXFileReference; lastKnownFileType = sourcecode.swift; path = persistantDatayayTests.swift; sourceTree = "<group>"; };
		A0B5560521E65C8100F3BBAB /* Info.plist */ = {isa = PBXFileReference; lastKnownFileType = text.plist.xml; path = Info.plist; sourceTree = "<group>"; };
		A0B5560A21E65C8100F3BBAB /* persistantDatayayUITests.xctest */ = {isa = PBXFileReference; explicitFileType = wrapper.cfbundle; includeInIndex = 0; path = persistantDatayayUITests.xctest; sourceTree = BUILT_PRODUCTS_DIR; };
		A0B5560E21E65C8100F3BBAB /* persistantDatayayUITests.swift */ = {isa = PBXFileReference; lastKnownFileType = sourcecode.swift; path = persistantDatayayUITests.swift; sourceTree = "<group>"; };
		A0B5561021E65C8100F3BBAB /* Info.plist */ = {isa = PBXFileReference; lastKnownFileType = text.plist.xml; path = Info.plist; sourceTree = "<group>"; };
		A0B5561F21E65D3900F3BBAB /* Model.xcdatamodel */ = {isa = PBXFileReference; lastKnownFileType = wrapper.xcdatamodel; path = Model.xcdatamodel; sourceTree = "<group>"; };
/* End PBXFileReference section */

/* Begin PBXFrameworksBuildPhase section */
		A0B555E821E65C7F00F3BBAB /* Frameworks */ = {
			isa = PBXFrameworksBuildPhase;
			buildActionMask = 2147483647;
			files = (
			);
			runOnlyForDeploymentPostprocessing = 0;
		};
		A0B555FC21E65C8100F3BBAB /* Frameworks */ = {
			isa = PBXFrameworksBuildPhase;
			buildActionMask = 2147483647;
			files = (
			);
			runOnlyForDeploymentPostprocessing = 0;
		};
		A0B5560721E65C8100F3BBAB /* Frameworks */ = {
			isa = PBXFrameworksBuildPhase;
			buildActionMask = 2147483647;
			files = (
			);
			runOnlyForDeploymentPostprocessing = 0;
		};
/* End PBXFrameworksBuildPhase section */

/* Begin PBXGroup section */
		A0B555E221E65C7F00F3BBAB = {
			isa = PBXGroup;
			children = (
				A0B555ED21E65C7F00F3BBAB /* persistantDatayay */,
				A0B5560221E65C8100F3BBAB /* persistantDatayayTests */,
				A0B5560D21E65C8100F3BBAB /* persistantDatayayUITests */,
				A0B555EC21E65C7F00F3BBAB /* Products */,
			);
			sourceTree = "<group>";
		};
		A0B555EC21E65C7F00F3BBAB /* Products */ = {
			isa = PBXGroup;
			children = (
				A0B555EB21E65C7F00F3BBAB /* persistantDatayay.app */,
				A0B555FF21E65C8100F3BBAB /* persistantDatayayTests.xctest */,
				A0B5560A21E65C8100F3BBAB /* persistantDatayayUITests.xctest */,
			);
			name = Products;
			sourceTree = "<group>";
		};
		A0B555ED21E65C7F00F3BBAB /* persistantDatayay */ = {
			isa = PBXGroup;
			children = (
				A0B555EE21E65C7F00F3BBAB /* AppDelegate.swift */,
				A0B555F021E65C7F00F3BBAB /* ViewController.swift */,
				A0B555F221E65C7F00F3BBAB /* Main.storyboard */,
				A0B555F521E65C8100F3BBAB /* Assets.xcassets */,
				A0B555F721E65C8100F3BBAB /* LaunchScreen.storyboard */,
				A0B555FA21E65C8100F3BBAB /* Info.plist */,
				A0B5561E21E65D3900F3BBAB /* Model.xcdatamodeld */,
			);
			path = persistantDatayay;
			sourceTree = "<group>";
		};
		A0B5560221E65C8100F3BBAB /* persistantDatayayTests */ = {
			isa = PBXGroup;
			children = (
				A0B5560321E65C8100F3BBAB /* persistantDatayayTests.swift */,
				A0B5560521E65C8100F3BBAB /* Info.plist */,
			);
			path = persistantDatayayTests;
			sourceTree = "<group>";
		};
		A0B5560D21E65C8100F3BBAB /* persistantDatayayUITests */ = {
			isa = PBXGroup;
			children = (
				A0B5560E21E65C8100F3BBAB /* persistantDatayayUITests.swift */,
				A0B5561021E65C8100F3BBAB /* Info.plist */,
			);
			path = persistantDatayayUITests;
			sourceTree = "<group>";
		};
/* End PBXGroup section */

/* Begin PBXNativeTarget section */
		A0B555EA21E65C7F00F3BBAB /* persistantDatayay */ = {
			isa = PBXNativeTarget;
			buildConfigurationList = A0B5561321E65C8100F3BBAB /* Build configuration list for PBXNativeTarget "persistantDatayay" */;
			buildPhases = (
				A0B555E721E65C7F00F3BBAB /* Sources */,
				A0B555E821E65C7F00F3BBAB /* Frameworks */,
				A0B555E921E65C7F00F3BBAB /* Resources */,
			);
			buildRules = (
			);
			dependencies = (
			);
			name = persistantDatayay;
			productName = persistantDatayay;
			productReference = A0B555EB21E65C7F00F3BBAB /* persistantDatayay.app */;
			productType = "com.apple.product-type.application";
		};
		A0B555FE21E65C8100F3BBAB /* persistantDatayayTests */ = {
			isa = PBXNativeTarget;
			buildConfigurationList = A0B5561621E65C8100F3BBAB /* Build configuration list for PBXNativeTarget "persistantDatayayTests" */;
			buildPhases = (
				A0B555FB21E65C8100F3BBAB /* Sources */,
				A0B555FC21E65C8100F3BBAB /* Frameworks */,
				A0B555FD21E65C8100F3BBAB /* Resources */,
			);
			buildRules = (
			);
			dependencies = (
				A0B5560121E65C8100F3BBAB /* PBXTargetDependency */,
			);
			name = persistantDatayayTests;
			productName = persistantDatayayTests;
			productReference = A0B555FF21E65C8100F3BBAB /* persistantDatayayTests.xctest */;
			productType = "com.apple.product-type.bundle.unit-test";
		};
		A0B5560921E65C8100F3BBAB /* persistantDatayayUITests */ = {
			isa = PBXNativeTarget;
			buildConfigurationList = A0B5561921E65C8100F3BBAB /* Build configuration list for PBXNativeTarget "persistantDatayayUITests" */;
			buildPhases = (
				A0B5560621E65C8100F3BBAB /* Sources */,
				A0B5560721E65C8100F3BBAB /* Frameworks */,
				A0B5560821E65C8100F3BBAB /* Resources */,
			);
			buildRules = (
			);
			dependencies = (
				A0B5560C21E65C8100F3BBAB /* PBXTargetDependency */,
			);
			name = persistantDatayayUITests;
			productName = persistantDatayayUITests;
			productReference = A0B5560A21E65C8100F3BBAB /* persistantDatayayUITests.xctest */;
			productType = "com.apple.product-type.bundle.ui-testing";
		};
/* End PBXNativeTarget section */

/* Begin PBXProject section */
		A0B555E321E65C7F00F3BBAB /* Project object */ = {
			isa = PBXProject;
			attributes = {
				LastSwiftUpdateCheck = 1010;
				LastUpgradeCheck = 1010;
				ORGANIZATIONNAME = "Makay Chapple";
				TargetAttributes = {
					A0B555EA21E65C7F00F3BBAB = {
						CreatedOnToolsVersion = 10.1;
					};
					A0B555FE21E65C8100F3BBAB = {
						CreatedOnToolsVersion = 10.1;
						TestTargetID = A0B555EA21E65C7F00F3BBAB;
					};
					A0B5560921E65C8100F3BBAB = {
						CreatedOnToolsVersion = 10.1;
						TestTargetID = A0B555EA21E65C7F00F3BBAB;
					};
				};
			};
			buildConfigurationList = A0B555E621E65C7F00F3BBAB /* Build configuration list for PBXProject "persistantDatayay" */;
			compatibilityVersion = "Xcode 9.3";
			developmentRegion = en;
			hasScannedForEncodings = 0;
			knownRegions = (
				en,
				Base,
			);
			mainGroup = A0B555E221E65C7F00F3BBAB;
			productRefGroup = A0B555EC21E65C7F00F3BBAB /* Products */;
			projectDirPath = "";
			projectRoot = "";
			targets = (
				A0B555EA21E65C7F00F3BBAB /* persistantDatayay */,
				A0B555FE21E65C8100F3BBAB /* persistantDatayayTests */,
				A0B5560921E65C8100F3BBAB /* persistantDatayayUITests */,
			);
		};
/* End PBXProject section */

/* Begin PBXResourcesBuildPhase section */
		A0B555E921E65C7F00F3BBAB /* Resources */ = {
			isa = PBXResourcesBuildPhase;
			buildActionMask = 2147483647;
			files = (
				A0B555F921E65C8100F3BBAB /* LaunchScreen.storyboard in Resources */,
				A0B555F621E65C8100F3BBAB /* Assets.xcassets in Resources */,
				A0B555F421E65C7F00F3BBAB /* Main.storyboard in Resources */,
			);
			runOnlyForDeploymentPostprocessing = 0;
		};
		A0B555FD21E65C8100F3BBAB /* Resources */ = {
			isa = PBXResourcesBuildPhase;
			buildActionMask = 2147483647;
			files = (
			);
			runOnlyForDeploymentPostprocessing = 0;
		};
		A0B5560821E65C8100F3BBAB /* Resources */ = {
			isa = PBXResourcesBuildPhase;
			buildActionMask = 2147483647;
			files = (
			);
			runOnlyForDeploymentPostprocessing = 0;
		};
/* End PBXResourcesBuildPhase section */

/* Begin PBXSourcesBuildPhase section */
		A0B555E721E65C7F00F3BBAB /* Sources */ = {
			isa = PBXSourcesBuildPhase;
			buildActionMask = 2147483647;
			files = (
				A0B555F121E65C7F00F3BBAB /* ViewController.swift in Sources */,
				A0B555EF21E65C7F00F3BBAB /* AppDelegate.swift in Sources */,
				A0B5562021E65D3900F3BBAB /* Model.xcdatamodeld in Sources */,
			);
			runOnlyForDeploymentPostprocessing = 0;
		};
		A0B555FB21E65C8100F3BBAB /* Sources */ = {
			isa = PBXSourcesBuildPhase;
			buildActionMask = 2147483647;
			files = (
				A0B5560421E65C8100F3BBAB /* persistantDatayayTests.swift in Sources */,
			);
			runOnlyForDeploymentPostprocessing = 0;
		};
		A0B5560621E65C8100F3BBAB /* Sources */ = {
			isa = PBXSourcesBuildPhase;
			buildActionMask = 2147483647;
			files = (
				A0B5560F21E65C8100F3BBAB /* persistantDatayayUITests.swift in Sources */,
			);
			runOnlyForDeploymentPostprocessing = 0;
		};
/* End PBXSourcesBuildPhase section */

/* Begin PBXTargetDependency section */
		A0B5560121E65C8100F3BBAB /* PBXTargetDependency */ = {
			isa = PBXTargetDependency;
			target = A0B555EA21E65C7F00F3BBAB /* persistantDatayay */;
			targetProxy = A0B5560021E65C8100F3BBAB /* PBXContainerItemProxy */;
		};
		A0B5560C21E65C8100F3BBAB /* PBXTargetDependency */ = {
			isa = PBXTargetDependency;
			target = A0B555EA21E65C7F00F3BBAB /* persistantDatayay */;
			targetProxy = A0B5560B21E65C8100F3BBAB /* PBXContainerItemProxy */;
		};
/* End PBXTargetDependency section */

/* Begin PBXVariantGroup section */
		A0B555F221E65C7F00F3BBAB /* Main.storyboard */ = {
			isa = PBXVariantGroup;
			children = (
				A0B555F321E65C7F00F3BBAB /* Base */,
			);
			name = Main.storyboard;
			sourceTree = "<group>";
		};
		A0B555F721E65C8100F3BBAB /* LaunchScreen.storyboard */ = {
			isa = PBXVariantGroup;
			children = (
				A0B555F821E65C8100F3BBAB /* Base */,
			);
			name = LaunchScreen.storyboard;
			sourceTree = "<group>";
		};
/* End PBXVariantGroup section */

/* Begin XCBuildConfiguration section */
		A0B5561121E65C8100F3BBAB /* Debug */ = {
			isa = XCBuildConfiguration;
			buildSettings = {
				ALWAYS_SEARCH_USER_PATHS = NO;
				CLANG_ANALYZER_NONNULL = YES;
				CLANG_ANALYZER_NUMBER_OBJECT_CONVERSION = YES_AGGRESSIVE;
				CLANG_CXX_LANGUAGE_STANDARD = "gnu++14";
				CLANG_CXX_LIBRARY = "libc++";
				CLANG_ENABLE_MODULES = YES;
				CLANG_ENABLE_OBJC_ARC = YES;
				CLANG_ENABLE_OBJC_WEAK = YES;
				CLANG_WARN_BLOCK_CAPTURE_AUTORELEASING = YES;
				CLANG_WARN_BOOL_CONVERSION = YES;
				CLANG_WARN_COMMA = YES;
				CLANG_WARN_CONSTANT_CONVERSION = YES;
				CLANG_WARN_DEPRECATED_OBJC_IMPLEMENTATIONS = YES;
				CLANG_WARN_DIRECT_OBJC_ISA_USAGE = YES_ERROR;
				CLANG_WARN_DOCUMENTATION_COMMENTS = YES;
				CLANG_WARN_EMPTY_BODY = YES;
				CLANG_WARN_ENUM_CONVERSION = YES;
				CLANG_WARN_INFINITE_RECURSION = YES;
				CLANG_WARN_INT_CONVERSION = YES;
				CLANG_WARN_NON_LITERAL_NULL_CONVERSION = YES;
				CLANG_WARN_OBJC_IMPLICIT_RETAIN_SELF = YES;
				CLANG_WARN_OBJC_LITERAL_CONVERSION = YES;
				CLANG_WARN_OBJC_ROOT_CLASS = YES_ERROR;
				CLANG_WARN_RANGE_LOOP_ANALYSIS = YES;
				CLANG_WARN_STRICT_PROTOTYPES = YES;
				CLANG_WARN_SUSPICIOUS_MOVE = YES;
				CLANG_WARN_UNGUARDED_AVAILABILITY = YES_AGGRESSIVE;
				CLANG_WARN_UNREACHABLE_CODE = YES;
				CLANG_WARN__DUPLICATE_METHOD_MATCH = YES;
				CODE_SIGN_IDENTITY = "iPhone Developer";
				COPY_PHASE_STRIP = NO;
				DEBUG_INFORMATION_FORMAT = dwarf;
				ENABLE_STRICT_OBJC_MSGSEND = YES;
				ENABLE_TESTABILITY = YES;
				GCC_C_LANGUAGE_STANDARD = gnu11;
				GCC_DYNAMIC_NO_PIC = NO;
				GCC_NO_COMMON_BLOCKS = YES;
				GCC_OPTIMIZATION_LEVEL = 0;
				GCC_PREPROCESSOR_DEFINITIONS = (
					"DEBUG=1",
					"$(inherited)",
				);
				GCC_WARN_64_TO_32_BIT_CONVERSION = YES;
				GCC_WARN_ABOUT_RETURN_TYPE = YES_ERROR;
				GCC_WARN_UNDECLARED_SELECTOR = YES;
				GCC_WARN_UNINITIALIZED_AUTOS = YES_AGGRESSIVE;
				GCC_WARN_UNUSED_FUNCTION = YES;
				GCC_WARN_UNUSED_VARIABLE = YES;
				IPHONEOS_DEPLOYMENT_TARGET = 12.1;
				MTL_ENABLE_DEBUG_INFO = INCLUDE_SOURCE;
				MTL_FAST_MATH = YES;
				ONLY_ACTIVE_ARCH = YES;
				SDKROOT = iphoneos;
				SWIFT_ACTIVE_COMPILATION_CONDITIONS = DEBUG;
				SWIFT_OPTIMIZATION_LEVEL = "-Onone";
			};
			name = Debug;
		};
		A0B5561221E65C8100F3BBAB /* Release */ = {
			isa = XCBuildConfiguration;
			buildSettings = {
				ALWAYS_SEARCH_USER_PATHS = NO;
				CLANG_ANALYZER_NONNULL = YES;
				CLANG_ANALYZER_NUMBER_OBJECT_CONVERSION = YES_AGGRESSIVE;
				CLANG_CXX_LANGUAGE_STANDARD = "gnu++14";
				CLANG_CXX_LIBRARY = "libc++";
				CLANG_ENABLE_MODULES = YES;
				CLANG_ENABLE_OBJC_ARC = YES;
				CLANG_ENABLE_OBJC_WEAK = YES;
				CLANG_WARN_BLOCK_CAPTURE_AUTORELEASING = YES;
				CLANG_WARN_BOOL_CONVERSION = YES;
				CLANG_WARN_COMMA = YES;
				CLANG_WARN_CONSTANT_CONVERSION = YES;
				CLANG_WARN_DEPRECATED_OBJC_IMPLEMENTATIONS = YES;
				CLANG_WARN_DIRECT_OBJC_ISA_USAGE = YES_ERROR;
				CLANG_WARN_DOCUMENTATION_COMMENTS = YES;
				CLANG_WARN_EMPTY_BODY = YES;
				CLANG_WARN_ENUM_CONVERSION = YES;
				CLANG_WARN_INFINITE_RECURSION = YES;
				CLANG_WARN_INT_CONVERSION = YES;
				CLANG_WARN_NON_LITERAL_NULL_CONVERSION = YES;
				CLANG_WARN_OBJC_IMPLICIT_RETAIN_SELF = YES;
				CLANG_WARN_OBJC_LITERAL_CONVERSION = YES;
				CLANG_WARN_OBJC_ROOT_CLASS = YES_ERROR;
				CLANG_WARN_RANGE_LOOP_ANALYSIS = YES;
				CLANG_WARN_STRICT_PROTOTYPES = YES;
				CLANG_WARN_SUSPICIOUS_MOVE = YES;
				CLANG_WARN_UNGUARDED_AVAILABILITY = YES_AGGRESSIVE;
				CLANG_WARN_UNREACHABLE_CODE = YES;
				CLANG_WARN__DUPLICATE_METHOD_MATCH = YES;
				CODE_SIGN_IDENTITY = "iPhone Developer";
				COPY_PHASE_STRIP = NO;
				DEBUG_INFORMATION_FORMAT = "dwarf-with-dsym";
				ENABLE_NS_ASSERTIONS = NO;
				ENABLE_STRICT_OBJC_MSGSEND = YES;
				GCC_C_LANGUAGE_STANDARD = gnu11;
				GCC_NO_COMMON_BLOCKS = YES;
				GCC_WARN_64_TO_32_BIT_CONVERSION = YES;
				GCC_WARN_ABOUT_RETURN_TYPE = YES_ERROR;
				GCC_WARN_UNDECLARED_SELECTOR = YES;
				GCC_WARN_UNINITIALIZED_AUTOS = YES_AGGRESSIVE;
				GCC_WARN_UNUSED_FUNCTION = YES;
				GCC_WARN_UNUSED_VARIABLE = YES;
				IPHONEOS_DEPLOYMENT_TARGET = 12.1;
				MTL_ENABLE_DEBUG_INFO = NO;
				MTL_FAST_MATH = YES;
				SDKROOT = iphoneos;
				SWIFT_COMPILATION_MODE = wholemodule;
				SWIFT_OPTIMIZATION_LEVEL = "-O";
				VALIDATE_PRODUCT = YES;
			};
			name = Release;
		};
		A0B5561421E65C8100F3BBAB /* Debug */ = {
			isa = XCBuildConfiguration;
			buildSettings = {
				ASSETCATALOG_COMPILER_APPICON_NAME = AppIcon;
				CODE_SIGN_STYLE = Automatic;
				INFOPLIST_FILE = persistantDatayay/Info.plist;
				LD_RUNPATH_SEARCH_PATHS = (
					"$(inherited)",
					"@executable_path/Frameworks",
				);
				PRODUCT_BUNDLE_IDENTIFIER = FirestormStudios.persistantDatayay;
				PRODUCT_NAME = "$(TARGET_NAME)";
				SWIFT_VERSION = 4.2;
				TARGETED_DEVICE_FAMILY = "1,2";
			};
			name = Debug;
		};
		A0B5561521E65C8100F3BBAB /* Release */ = {
			isa = XCBuildConfiguration;
			buildSettings = {
				ASSETCATALOG_COMPILER_APPICON_NAME = AppIcon;
				CODE_SIGN_STYLE = Automatic;
				INFOPLIST_FILE = persistantDatayay/Info.plist;
				LD_RUNPATH_SEARCH_PATHS = (
					"$(inherited)",
					"@executable_path/Frameworks",
				);
				PRODUCT_BUNDLE_IDENTIFIER = FirestormStudios.persistantDatayay;
				PRODUCT_NAME = "$(TARGET_NAME)";
				SWIFT_VERSION = 4.2;
				TARGETED_DEVICE_FAMILY = "1,2";
			};
			name = Release;
		};
		A0B5561721E65C8100F3BBAB /* Debug */ = {
			isa = XCBuildConfiguration;
			buildSettings = {
				ALWAYS_EMBED_SWIFT_STANDARD_LIBRARIES = YES;
				BUNDLE_LOADER = "$(TEST_HOST)";
				CODE_SIGN_STYLE = Automatic;
				INFOPLIST_FILE = persistantDatayayTests/Info.plist;
				LD_RUNPATH_SEARCH_PATHS = (
					"$(inherited)",
					"@executable_path/Frameworks",
					"@loader_path/Frameworks",
				);
				PRODUCT_BUNDLE_IDENTIFIER = FirestormStudios.persistantDatayayTests;
				PRODUCT_NAME = "$(TARGET_NAME)";
				SWIFT_VERSION = 4.2;
				TARGETED_DEVICE_FAMILY = "1,2";
				TEST_HOST = "$(BUILT_PRODUCTS_DIR)/persistantDatayay.app/persistantDatayay";
			};
			name = Debug;
		};
		A0B5561821E65C8100F3BBAB /* Release */ = {
			isa = XCBuildConfiguration;
			buildSettings = {
				ALWAYS_EMBED_SWIFT_STANDARD_LIBRARIES = YES;
				BUNDLE_LOADER = "$(TEST_HOST)";
				CODE_SIGN_STYLE = Automatic;
				INFOPLIST_FILE = persistantDatayayTests/Info.plist;
				LD_RUNPATH_SEARCH_PATHS = (
					"$(inherited)",
					"@executable_path/Frameworks",
					"@loader_path/Frameworks",
				);
				PRODUCT_BUNDLE_IDENTIFIER = FirestormStudios.persistantDatayayTests;
				PRODUCT_NAME = "$(TARGET_NAME)";
				SWIFT_VERSION = 4.2;
				TARGETED_DEVICE_FAMILY = "1,2";
				TEST_HOST = "$(BUILT_PRODUCTS_DIR)/persistantDatayay.app/persistantDatayay";
			};
			name = Release;
		};
		A0B5561A21E65C8100F3BBAB /* Debug */ = {
			isa = XCBuildConfiguration;
			buildSettings = {
				ALWAYS_EMBED_SWIFT_STANDARD_LIBRARIES = YES;
				CODE_SIGN_STYLE = Automatic;
				INFOPLIST_FILE = persistantDatayayUITests/Info.plist;
				LD_RUNPATH_SEARCH_PATHS = (
					"$(inherited)",
					"@executable_path/Frameworks",
					"@loader_path/Frameworks",
				);
				PRODUCT_BUNDLE_IDENTIFIER = FirestormStudios.persistantDatayayUITests;
				PRODUCT_NAME = "$(TARGET_NAME)";
				SWIFT_VERSION = 4.2;
				TARGETED_DEVICE_FAMILY = "1,2";
				TEST_TARGET_NAME = persistantDatayay;
			};
			name = Debug;
		};
		A0B5561B21E65C8100F3BBAB /* Release */ = {
			isa = XCBuildConfiguration;
			buildSettings = {
				ALWAYS_EMBED_SWIFT_STANDARD_LIBRARIES = YES;
				CODE_SIGN_STYLE = Automatic;
				INFOPLIST_FILE = persistantDatayayUITests/Info.plist;
				LD_RUNPATH_SEARCH_PATHS = (
					"$(inherited)",
					"@executable_path/Frameworks",
					"@loader_path/Frameworks",
				);
				PRODUCT_BUNDLE_IDENTIFIER = FirestormStudios.persistantDatayayUITests;
				PRODUCT_NAME = "$(TARGET_NAME)";
				SWIFT_VERSION = 4.2;
				TARGETED_DEVICE_FAMILY = "1,2";
				TEST_TARGET_NAME = persistantDatayay;
			};
			name = Release;
		};
/* End XCBuildConfiguration section */

/* Begin XCConfigurationList section */
		A0B555E621E65C7F00F3BBAB /* Build configuration list for PBXProject "persistantDatayay" */ = {
			isa = XCConfigurationList;
			buildConfigurations = (
				A0B5561121E65C8100F3BBAB /* Debug */,
				A0B5561221E65C8100F3BBAB /* Release */,
			);
			defaultConfigurationIsVisible = 0;
			defaultConfigurationName = Release;
		};
		A0B5561321E65C8100F3BBAB /* Build configuration list for PBXNativeTarget "persistantDatayay" */ = {
			isa = XCConfigurationList;
			buildConfigurations = (
				A0B5561421E65C8100F3BBAB /* Debug */,
				A0B5561521E65C8100F3BBAB /* Release */,
			);
			defaultConfigurationIsVisible = 0;
			defaultConfigurationName = Release;
		};
		A0B5561621E65C8100F3BBAB /* Build configuration list for PBXNativeTarget "persistantDatayayTests" */ = {
			isa = XCConfigurationList;
			buildConfigurations = (
				A0B5561721E65C8100F3BBAB /* Debug */,
				A0B5561821E65C8100F3BBAB /* Release */,
			);
			defaultConfigurationIsVisible = 0;
			defaultConfigurationName = Release;
		};
		A0B5561921E65C8100F3BBAB /* Build configuration list for PBXNativeTarget "persistantDatayayUITests" */ = {
			isa = XCConfigurationList;
			buildConfigurations = (
				A0B5561A21E65C8100F3BBAB /* Debug */,
				A0B5561B21E65C8100F3BBAB /* Release */,
			);
			defaultConfigurationIsVisible = 0;
			defaultConfigurationName = Release;
		};
/* End XCConfigurationList section */

/* Begin XCVersionGroup section */
		A0B5561E21E65D3900F3BBAB /* Model.xcdatamodeld */ = {
			isa = XCVersionGroup;
			children = (
				A0B5561F21E65D3900F3BBAB /* Model.xcdatamodel */,
			);
			currentVersion = A0B5561F21E65D3900F3BBAB /* Model.xcdatamodel */;
			path = Model.xcdatamodeld;
			sourceTree = "<group>";
			versionGroupType = wrapper.xcdatamodel;
		};
/* End XCVersionGroup section */
	};
	rootObject = A0B555E321E65C7F00F3BBAB /* Project object */;
}
